<?xml version="1.0" encoding="utf-8"?>
<Project ToolsVersion="4.0" xmlns="http://schemas.microsoft.com/developer/msbuild/2003">
  <ItemGroup>
    <ClCompile Include="main.cpp" />
    <ClCompile Include="GameManager.cpp">
      <Filter>Game</Filter>
    </ClCompile>
    <ClCompile Include="Window.cpp">
      <Filter>Window</Filter>
    </ClCompile>
    <ClCompile Include="StateManager.cpp">
      <Filter>State</Filter>
    </ClCompile>
    <ClCompile Include="CardsLoader.cpp">
      <Filter>DataLoaders</Filter>
    </ClCompile>
    <ClCompile Include="PlayerManager.cpp">
      <Filter>Player</Filter>
    </ClCompile>
    <ClCompile Include="Player.cpp">
      <Filter>Player</Filter>
    </ClCompile>
    <ClCompile Include="MenuState.cpp">
      <Filter>Menu</Filter>
    </ClCompile>
    <ClCompile Include="GameState.cpp">
      <Filter>Game</Filter>
    </ClCompile>
    <ClCompile Include="Card.cpp">
      <Filter>Cards</Filter>
    </ClCompile>
    <ClCompile Include="EventBus.cpp">
      <Filter>EventBus</Filter>
    </ClCompile>
    <ClCompile Include="PlayerSelectState.cpp">
      <Filter>PlayerSelect</Filter>
    </ClCompile>
    <ClCompile Include="PlayersOption.cpp">
      <Filter>PlayerSelect</Filter>
    </ClCompile>
    <ClCompile Include="GameOverState.cpp">
      <Filter>GameOver</Filter>
    </ClCompile>
    <ClCompile Include="PlayerNamesState.cpp">
      <Filter>PlayerNamesState</Filter>
    </ClCompile>
    <ClCompile Include="PlayerSelectedAmountTransitionData.h">
      <Filter>PlayerSelect</Filter>
    </ClCompile>
    <ClCompile Include="DrawDiscardedCardBehavior.cpp">
      <Filter>Cards\BehaviorImplementations</Filter>
    </ClCompile>
    <ClCompile Include="DrawMoreCardBehavior.cpp">
      <Filter>Cards\BehaviorImplementations</Filter>
    </ClCompile>
    <ClCompile Include="NormalCardBehavior.cpp">
      <Filter>Cards\BehaviorImplementations</Filter>
    </ClCompile>
    <ClCompile Include="ReverseTurnCardBehavior.cpp">
      <Filter>Cards\BehaviorImplementations</Filter>
    </ClCompile>
    <ClCompile Include="SkipTurnCardBehavior.cpp">
      <Filter>Cards\BehaviorImplementations</Filter>
    </ClCompile>
    <ClCompile Include="SwapHandCardBehavior.cpp">
      <Filter>Cards\BehaviorImplementations</Filter>
    </ClCompile>
    <ClCompile Include="WildDrawCardBehavior.cpp">
      <Filter>Cards\BehaviorImplementations</Filter>
    </ClCompile>
    <ClCompile Include="DrawDiscardedCardEvent.cpp">
      <Filter>Cards\BehaviorEvents</Filter>
    </ClCompile>
    <ClCompile Include="DrawMoreCardEvent.cpp">
      <Filter>Cards\BehaviorEvents</Filter>
    </ClCompile>
    <ClCompile Include="SkipTurnCardEvent.h">
      <Filter>Cards\BehaviorEvents</Filter>
    </ClCompile>
    <ClCompile Include="WildDrawCardEvent.cpp">
      <Filter>Cards\BehaviorEvents</Filter>
    </ClCompile>
    <ClCompile Include="DrawPileCardBehavior.cpp">
      <Filter>Cards\BehaviorImplementations</Filter>
    </ClCompile>
    <ClCompile Include="DrawPileCardEvent.cpp">
      <Filter>Cards\BehaviorEvents</Filter>
    </ClCompile>
    <ClCompile Include="ColorPickItem.cpp">
      <Filter>Game\SelectColor</Filter>
    </ClCompile>
    <ClCompile Include="GameOverTransitionData.cpp">
      <Filter>GameOver</Filter>
    </ClCompile>
    <ClCompile Include="NormalState.cpp">
      <Filter>Game\States</Filter>
    </ClCompile>
    <ClCompile Include="ForcedDrawDiscardedState.cpp">
      <Filter>Game\States</Filter>
    </ClCompile>
    <ClCompile Include="ForcedSkipState.cpp">
      <Filter>Game\States</Filter>
    </ClCompile>
    <ClCompile Include="SwapHandState.cpp">
      <Filter>Game\States</Filter>
    </ClCompile>
    <ClCompile Include="WildDrawState.cpp">
      <Filter>Game\States</Filter>
    </ClCompile>
    <ClCompile Include="ReverseTurnState.cpp">
      <Filter>Game\States</Filter>
    </ClCompile>
    <ClCompile Include="DrawCardState.cpp">
      <Filter>Game\States</Filter>
    </ClCompile>
    <ClCompile Include="DrawMoreCardState.cpp">
      <Filter>Game\States</Filter>
    </ClCompile>
  </ItemGroup>
  <ItemGroup>
    <Filter Include="Window">
      <UniqueIdentifier>{2a5fc0e2-eb11-43d5-9df9-4e2031fa7f6f}</UniqueIdentifier>
    </Filter>
    <Filter Include="Player">
      <UniqueIdentifier>{b8802aa3-da49-4ac1-9cab-23dda029c384}</UniqueIdentifier>
    </Filter>
    <Filter Include="State">
      <UniqueIdentifier>{9a5326bb-8bb4-4067-97cd-1175d043a9bb}</UniqueIdentifier>
    </Filter>
    <Filter Include="Menu">
      <UniqueIdentifier>{3ea8795d-344c-4591-b129-92d68a75c392}</UniqueIdentifier>
    </Filter>
    <Filter Include="Game">
      <UniqueIdentifier>{3b6c2721-c621-4d00-8dfe-713d198abf3c}</UniqueIdentifier>
    </Filter>
    <Filter Include="Cards">
      <UniqueIdentifier>{280944e7-1a82-4045-a01b-06e7ccd47603}</UniqueIdentifier>
    </Filter>
    <Filter Include="Assets">
      <UniqueIdentifier>{f2bdc219-1bdb-4b03-ac85-868bf1c84084}</UniqueIdentifier>
    </Filter>
    <Filter Include="PlayerSelect">
      <UniqueIdentifier>{a801a350-a99c-4487-bdca-831137aee0f1}</UniqueIdentifier>
    </Filter>
    <Filter Include="GameOver">
      <UniqueIdentifier>{2c9d4606-ea9c-4699-9e37-8d8bf4787d7e}</UniqueIdentifier>
    </Filter>
    <Filter Include="PlayerNamesState">
      <UniqueIdentifier>{2edfe733-c717-451b-828c-75c10d10eac9}</UniqueIdentifier>
    </Filter>
    <Filter Include="DataLoaders">
      <UniqueIdentifier>{d558dd43-17cd-4b1a-93ab-5a8ba8c0d652}</UniqueIdentifier>
    </Filter>
    <Filter Include="Cards\BehaviorImplementations">
      <UniqueIdentifier>{e0c1fc15-67f5-498a-b385-92e1857e1a99}</UniqueIdentifier>
    </Filter>
    <Filter Include="Cards\BehaviorEvents">
      <UniqueIdentifier>{bf3cc5a4-a0e2-43d3-b0c1-9f0fdc267514}</UniqueIdentifier>
    </Filter>
    <Filter Include="Game\SelectColor">
      <UniqueIdentifier>{86a373c9-3f0f-43c1-a69b-0c5e15ef59d1}</UniqueIdentifier>
    </Filter>
    <Filter Include="Game\States">
      <UniqueIdentifier>{5ba88ace-80a5-41cb-a8f3-0791774ffa57}</UniqueIdentifier>
    </Filter>
    <Filter Include="EventBus">
      <UniqueIdentifier>{2bb01f44-41e1-40f6-abf1-1254a7bc6eff}</UniqueIdentifier>
    </Filter>
  </ItemGroup>
  <ItemGroup>
    <ClInclude Include="GameManager.h">
      <Filter>Game</Filter>
    </ClInclude>
    <ClInclude Include="Window.h">
      <Filter>Window</Filter>
    </ClInclude>
    <ClInclude Include="StateManager.h">
      <Filter>State</Filter>
    </ClInclude>
    <ClInclude Include="CardsLoader.h">
      <Filter>DataLoaders</Filter>
    </ClInclude>
    <ClInclude Include="PlayerManager.h">
      <Filter>Player</Filter>
    </ClInclude>
    <ClInclude Include="Player.h">
      <Filter>Player</Filter>
    </ClInclude>
    <ClInclude Include="State.h">
      <Filter>State</Filter>
    </ClInclude>
    <ClInclude Include="MenuState.h">
      <Filter>Menu</Filter>
    </ClInclude>
    <ClInclude Include="GameState.h">
      <Filter>Game</Filter>
    </ClInclude>
    <ClInclude Include="Card.h">
      <Filter>Cards</Filter>
    </ClInclude>
    <ClInclude Include="CardBehavior.h">
      <Filter>Cards</Filter>
    </ClInclude>
    <ClInclude Include="EventBus.h">
      <Filter>EventBus</Filter>
    </ClInclude>
    <ClInclude Include="GoToNextStateEvent.h">
      <Filter>State</Filter>
    </ClInclude>
    <ClInclude Include="Event.h">
      <Filter>EventBus</Filter>
    </ClInclude>
    <ClInclude Include="QuitGameEvent.h">
      <Filter>Window</Filter>
    </ClInclude>
    <ClInclude Include="PlayerSelectState.h">
      <Filter>PlayerSelect</Filter>
    </ClInclude>
    <ClInclude Include="PlayersOption.h">
      <Filter>PlayerSelect</Filter>
    </ClInclude>
    <ClInclude Include="GameOverState.h">
      <Filter>GameOver</Filter>
    </ClInclude>
    <ClInclude Include="PlayerNamesState.h">
      <Filter>PlayerNamesState</Filter>
    </ClInclude>
    <ClInclude Include="ShowPromptEvent.h">
      <Filter>Window</Filter>
    </ClInclude>
    <ClInclude Include="KeyCodes.h">
      <Filter>Game</Filter>
    </ClInclude>
    <ClInclude Include="TransitionData.h">
      <Filter>State</Filter>
    </ClInclude>
    <ClInclude Include="PlayerManagerTransitionData.h">
      <Filter>PlayerNamesState</Filter>
    </ClInclude>
    <ClInclude Include="Colors.h">
      <Filter>Cards</Filter>
    </ClInclude>
    <ClInclude Include="DrawDiscardedCardBehavior.h">
      <Filter>Cards\BehaviorImplementations</Filter>
    </ClInclude>
    <ClInclude Include="DrawMoreCardBehavior.h">
      <Filter>Cards\BehaviorImplementations</Filter>
    </ClInclude>
    <ClInclude Include="NormalCardBehavior.h">
      <Filter>Cards\BehaviorImplementations</Filter>
    </ClInclude>
    <ClInclude Include="ReverseTurnCardBehavior.h">
      <Filter>Cards\BehaviorImplementations</Filter>
    </ClInclude>
    <ClInclude Include="SkipTurnCardBehavior.h">
      <Filter>Cards\BehaviorImplementations</Filter>
    </ClInclude>
    <ClInclude Include="SwapHandCardBehavior.h">
      <Filter>Cards\BehaviorImplementations</Filter>
    </ClInclude>
    <ClInclude Include="WildDrawCardBehavior.h">
      <Filter>Cards\BehaviorImplementations</Filter>
    </ClInclude>
    <ClInclude Include="VectorHelper.h">
      <Filter>DataLoaders</Filter>
    </ClInclude>
    <ClInclude Include="DrawDiscardedCardEvent.h">
      <Filter>Cards\BehaviorEvents</Filter>
    </ClInclude>
    <ClInclude Include="DrawMoreCardEvent.h">
      <Filter>Cards\BehaviorEvents</Filter>
    </ClInclude>
    <ClInclude Include="ReverseTurnCardEvent.h">
      <Filter>Cards\BehaviorEvents</Filter>
    </ClInclude>
    <ClInclude Include="SwapHandCardEvent.h">
      <Filter>Cards\BehaviorEvents</Filter>
    </ClInclude>
    <ClInclude Include="WildDrawCardEvent.h">
      <Filter>Cards\BehaviorEvents</Filter>
    </ClInclude>
    <ClInclude Include="DrawPileCardBehavior.h">
      <Filter>Cards\BehaviorImplementations</Filter>
    </ClInclude>
    <ClInclude Include="DrawPileCardEvent.h">
      <Filter>Cards\BehaviorEvents</Filter>
    </ClInclude>
    <ClInclude Include="GameStates.h">
      <Filter>Game</Filter>
    </ClInclude>
    <ClInclude Include="ColorPickItem.h">
      <Filter>Game\SelectColor</Filter>
    </ClInclude>
    <ClInclude Include="GameOverTransitionData.h">
      <Filter>GameOver</Filter>
    </ClInclude>
    <ClInclude Include="GoToFirstStateEvent.h">
      <Filter>State</Filter>
    </ClInclude>
  </ItemGroup>
  <ItemGroup>
    <Text Include="assets\unotitle.txt">
      <Filter>Assets</Filter>
    </Text>
  </ItemGroup>
</Project>